
Microsoft Visual Studio Solution File, Format Version 12.00
# Visual Studio 15
VisualStudioVersion = 15.0.26124.0
MinimumVisualStudioVersion = 15.0.26124.0
Project("{FAE04EC0-301F-11D3-BF4B-00C04F79EFBC}") = "StandLibrary", "StandLibrary\StandLibrary.csproj", "{ADCE032F-329B-4AB4-ABAA-8EDFDF7EA54E}"
EndProject
Project("{FAE04EC0-301F-11D3-BF4B-00C04F79EFBC}") = "StandLibraryUnitTest", "StandLibraryUnitTest\StandLibraryUnitTest.csproj", "{CBF95C02-9AD6-4CFC-8D64-BFAD92AACEAC}"
EndProject
Global
	GlobalSection(SolutionConfigurationPlatforms) = preSolution
		Debug|Any CPU = Debug|Any CPU
		Debug|x64 = Debug|x64
		Debug|x86 = Debug|x86
		Release|Any CPU = Release|Any CPU
		Release|x64 = Release|x64
		Release|x86 = Release|x86
	EndGlobalSection
	GlobalSection(SolutionProperties) = preSolution
		HideSolutionNode = FALSE
	EndGlobalSection
	GlobalSection(ProjectConfigurationPlatforms) = postSolution
		{ADCE032F-329B-4AB4-ABAA-8EDFDF7EA54E}.Debug|Any CPU.ActiveCfg = Debug|Any CPU
		{ADCE032F-329B-4AB4-ABAA-8EDFDF7EA54E}.Debug|Any CPU.Build.0 = Debug|Any CPU
		{ADCE032F-329B-4AB4-ABAA-8EDFDF7EA54E}.Debug|x64.ActiveCfg = Debug|Any CPU
		{ADCE032F-329B-4AB4-ABAA-8EDFDF7EA54E}.Debug|x64.Build.0 = Debug|Any CPU
		{ADCE032F-329B-4AB4-ABAA-8EDFDF7EA54E}.Debug|x86.ActiveCfg = Debug|Any CPU
		{ADCE032F-329B-4AB4-ABAA-8EDFDF7EA54E}.Debug|x86.Build.0 = Debug|Any CPU
		{ADCE032F-329B-4AB4-ABAA-8EDFDF7EA54E}.Release|Any CPU.ActiveCfg = Release|Any CPU
		{ADCE032F-329B-4AB4-ABAA-8EDFDF7EA54E}.Release|Any CPU.Build.0 = Release|Any CPU
		{ADCE032F-329B-4AB4-ABAA-8EDFDF7EA54E}.Release|x64.ActiveCfg = Release|Any CPU
		{ADCE032F-329B-4AB4-ABAA-8EDFDF7EA54E}.Release|x64.Build.0 = Release|Any CPU
		{ADCE032F-329B-4AB4-ABAA-8EDFDF7EA54E}.Release|x86.ActiveCfg = Release|Any CPU
		{ADCE032F-329B-4AB4-ABAA-8EDFDF7EA54E}.Release|x86.Build.0 = Release|Any CPU
		{CBF95C02-9AD6-4CFC-8D64-BFAD92AACEAC}.Debug|Any CPU.ActiveCfg = Debug|Any CPU
		{CBF95C02-9AD6-4CFC-8D64-BFAD92AACEAC}.Debug|Any CPU.Build.0 = Debug|Any CPU
		{CBF95C02-9AD6-4CFC-8D64-BFAD92AACEAC}.Debug|x64.ActiveCfg = Debug|Any CPU
		{CBF95C02-9AD6-4CFC-8D64-BFAD92AACEAC}.Debug|x64.Build.0 = Debug|Any CPU
		{CBF95C02-9AD6-4CFC-8D64-BFAD92AACEAC}.Debug|x86.ActiveCfg = Debug|Any CPU
		{CBF95C02-9AD6-4CFC-8D64-BFAD92AACEAC}.Debug|x86.Build.0 = Debug|Any CPU
		{CBF95C02-9AD6-4CFC-8D64-BFAD92AACEAC}.Release|Any CPU.ActiveCfg = Release|Any CPU
		{CBF95C02-9AD6-4CFC-8D64-BFAD92AACEAC}.Release|Any CPU.Build.0 = Release|Any CPU
		{CBF95C02-9AD6-4CFC-8D64-BFAD92AACEAC}.Release|x64.ActiveCfg = Release|Any CPU
		{CBF95C02-9AD6-4CFC-8D64-BFAD92AACEAC}.Release|x64.Build.0 = Release|Any CPU
		{CBF95C02-9AD6-4CFC-8D64-BFAD92AACEAC}.Release|x86.ActiveCfg = Release|Any CPU
		{CBF95C02-9AD6-4CFC-8D64-BFAD92AACEAC}.Release|x86.Build.0 = Release|Any CPU
	EndGlobalSection
EndGlobal
